// !$*UTF8*$!
{
	archiveVersion = 1;
	classes = {
	};
	objectVersion = 46;
	objects = {

/* Begin PBXBuildFile section */
		1A1F90DF1A5ECA1100A0595D /* main.m in Sources */ = {isa = PBXBuildFile; fileRef = 1A1F90DE1A5ECA1100A0595D /* main.m */; };
		1A1F90E21A5ECA1100A0595D /* AppDelegate.m in Sources */ = {isa = PBXBuildFile; fileRef = 1A1F90E11A5ECA1100A0595D /* AppDelegate.m */; };
		1A1F90EA1A5ECA1100A0595D /* Images.xcassets in Resources */ = {isa = PBXBuildFile; fileRef = 1A1F90E91A5ECA1100A0595D /* Images.xcassets */; };
		1A1F90ED1A5ECA1100A0595D /* LaunchScreen.xib in Resources */ = {isa = PBXBuildFile; fileRef = 1A1F90EB1A5ECA1100A0595D /* LaunchScreen.xib */; };
		1A1F90F91A5ECA1100A0595D /* GithubFriendsTests.m in Sources */ = {isa = PBXBuildFile; fileRef = 1A1F90F81A5ECA1100A0595D /* GithubFriendsTests.m */; };
		1A1F91041A5ECB8400A0595D /* FriendsTVC.m in Sources */ = {isa = PBXBuildFile; fileRef = 1A1F91031A5ECB8400A0595D /* FriendsTVC.m */; };
		1A1F91071A5ECBA300A0595D /* FriendCell.m in Sources */ = {isa = PBXBuildFile; fileRef = 1A1F91061A5ECBA300A0595D /* FriendCell.m */; };
		1A1F910A1A5EE37300A0595D /* NewFriendVC.m in Sources */ = {isa = PBXBuildFile; fileRef = 1A1F91091A5EE37300A0595D /* NewFriendVC.m */; };
		1A1F910D1A5EE39600A0595D /* FriendDetailVC.m in Sources */ = {isa = PBXBuildFile; fileRef = 1A1F910C1A5EE39600A0595D /* FriendDetailVC.m */; };
/* End PBXBuildFile section */

/* Begin PBXContainerItemProxy section */
		1A1F90F31A5ECA1100A0595D /* PBXContainerItemProxy */ = {
			isa = PBXContainerItemProxy;
			containerPortal = 1A1F90D11A5ECA1100A0595D /* Project object */;
			proxyType = 1;
			remoteGlobalIDString = 1A1F90D81A5ECA1100A0595D;
			remoteInfo = GithubFriends;
		};
/* End PBXContainerItemProxy section */

/* Begin PBXFileReference section */
		1A1F90D91A5ECA1100A0595D /* GithubFriends.app */ = {isa = PBXFileReference; explicitFileType = wrapper.application; includeInIndex = 0; path = GithubFriends.app; sourceTree = BUILT_PRODUCTS_DIR; };
		1A1F90DD1A5ECA1100A0595D /* Info.plist */ = {isa = PBXFileReference; lastKnownFileType = text.plist.xml; path = Info.plist; sourceTree = "<group>"; };
		1A1F90DE1A5ECA1100A0595D /* main.m */ = {isa = PBXFileReference; lastKnownFileType = sourcecode.c.objc; path = main.m; sourceTree = "<group>"; };
		1A1F90E01A5ECA1100A0595D /* AppDelegate.h */ = {isa = PBXFileReference; lastKnownFileType = sourcecode.c.h; path = AppDelegate.h; sourceTree = "<group>"; };
		1A1F90E11A5ECA1100A0595D /* AppDelegate.m */ = {isa = PBXFileReference; lastKnownFileType = sourcecode.c.objc; path = AppDelegate.m; sourceTree = "<group>"; };
		1A1F90E91A5ECA1100A0595D /* Images.xcassets */ = {isa = PBXFileReference; lastKnownFileType = folder.assetcatalog; path = Images.xcassets; sourceTree = "<group>"; };
		1A1F90EC1A5ECA1100A0595D /* Base */ = {isa = PBXFileReference; lastKnownFileType = file.xib; name = Base; path = Base.lproj/LaunchScreen.xib; sourceTree = "<group>"; };
		1A1F90F21A5ECA1100A0595D /* GithubFriendsTests.xctest */ = {isa = PBXFileReference; explicitFileType = wrapper.cfbundle; includeInIndex = 0; path = GithubFriendsTests.xctest; sourceTree = BUILT_PRODUCTS_DIR; };
		1A1F90F71A5ECA1100A0595D /* Info.plist */ = {isa = PBXFileReference; lastKnownFileType = text.plist.xml; path = Info.plist; sourceTree = "<group>"; };
		1A1F90F81A5ECA1100A0595D /* GithubFriendsTests.m */ = {isa = PBXFileReference; lastKnownFileType = sourcecode.c.objc; path = GithubFriendsTests.m; sourceTree = "<group>"; };
		1A1F91021A5ECB8400A0595D /* FriendsTVC.h */ = {isa = PBXFileReference; fileEncoding = 4; lastKnownFileType = sourcecode.c.h; path = FriendsTVC.h; sourceTree = "<group>"; };
		1A1F91031A5ECB8400A0595D /* FriendsTVC.m */ = {isa = PBXFileReference; fileEncoding = 4; lastKnownFileType = sourcecode.c.objc; path = FriendsTVC.m; sourceTree = "<group>"; };
		1A1F91051A5ECBA300A0595D /* FriendCell.h */ = {isa = PBXFileReference; fileEncoding = 4; lastKnownFileType = sourcecode.c.h; path = FriendCell.h; sourceTree = "<group>"; };
		1A1F91061A5ECBA300A0595D /* FriendCell.m */ = {isa = PBXFileReference; fileEncoding = 4; lastKnownFileType = sourcecode.c.objc; path = FriendCell.m; sourceTree = "<group>"; };
		1A1F91081A5EE37300A0595D /* NewFriendVC.h */ = {isa = PBXFileReference; fileEncoding = 4; lastKnownFileType = sourcecode.c.h; path = NewFriendVC.h; sourceTree = "<group>"; };
		1A1F91091A5EE37300A0595D /* NewFriendVC.m */ = {isa = PBXFileReference; fileEncoding = 4; lastKnownFileType = sourcecode.c.objc; path = NewFriendVC.m; sourceTree = "<group>"; };
		1A1F910B1A5EE39600A0595D /* FriendDetailVC.h */ = {isa = PBXFileReference; fileEncoding = 4; lastKnownFileType = sourcecode.c.h; path = FriendDetailVC.h; sourceTree = "<group>"; };
		1A1F910C1A5EE39600A0595D /* FriendDetailVC.m */ = {isa = PBXFileReference; fileEncoding = 4; lastKnownFileType = sourcecode.c.objc; path = FriendDetailVC.m; sourceTree = "<group>"; };
/* End PBXFileReference section */

/* Begin PBXFrameworksBuildPhase section */
		1A1F90D61A5ECA1100A0595D /* Frameworks */ = {
			isa = PBXFrameworksBuildPhase;
			buildActionMask = 2147483647;
			files = (
			);
			runOnlyForDeploymentPostprocessing = 0;
		};
		1A1F90EF1A5ECA1100A0595D /* Frameworks */ = {
			isa = PBXFrameworksBuildPhase;
			buildActionMask = 2147483647;
			files = (
			);
			runOnlyForDeploymentPostprocessing = 0;
		};
/* End PBXFrameworksBuildPhase section */

/* Begin PBXGroup section */
		1A1F90D01A5ECA1100A0595D = {
			isa = PBXGroup;
			children = (
				1A1F90DB1A5ECA1100A0595D /* GithubFriends */,
				1A1F90F51A5ECA1100A0595D /* GithubFriendsTests */,
				1A1F90DA1A5ECA1100A0595D /* Products */,
			);
			sourceTree = "<group>";
		};
		1A1F90DA1A5ECA1100A0595D /* Products */ = {
			isa = PBXGroup;
			children = (
				1A1F90D91A5ECA1100A0595D /* GithubFriends.app */,
				1A1F90F21A5ECA1100A0595D /* GithubFriendsTests.xctest */,
			);
			name = Products;
			sourceTree = "<group>";
		};
		1A1F90DB1A5ECA1100A0595D /* GithubFriends */ = {
			isa = PBXGroup;
			children = (
				1A1F910E1A5EE3C400A0595D /* List */,
				1A1F91081A5EE37300A0595D /* NewFriendVC.h */,
				1A1F91091A5EE37300A0595D /* NewFriendVC.m */,
				1A1F910B1A5EE39600A0595D /* FriendDetailVC.h */,
				1A1F910C1A5EE39600A0595D /* FriendDetailVC.m */,
				1A1F90DC1A5ECA1100A0595D /* Supporting Files */,
			);
			path = GithubFriends;
			sourceTree = "<group>";
		};
		1A1F90DC1A5ECA1100A0595D /* Supporting Files */ = {
			isa = PBXGroup;
			children = (
				1A1F90E01A5ECA1100A0595D /* AppDelegate.h */,
				1A1F90E11A5ECA1100A0595D /* AppDelegate.m */,
				1A1F90E91A5ECA1100A0595D /* Images.xcassets */,
				1A1F90EB1A5ECA1100A0595D /* LaunchScreen.xib */,
				1A1F90DD1A5ECA1100A0595D /* Info.plist */,
				1A1F90DE1A5ECA1100A0595D /* main.m */,
			);
			name = "Supporting Files";
			sourceTree = "<group>";
		};
		1A1F90F51A5ECA1100A0595D /* GithubFriendsTests */ = {
			isa = PBXGroup;
			children = (
				1A1F90F81A5ECA1100A0595D /* GithubFriendsTests.m */,
				1A1F90F61A5ECA1100A0595D /* Supporting Files */,
			);
			path = GithubFriendsTests;
			sourceTree = "<group>";
		};
		1A1F90F61A5ECA1100A0595D /* Supporting Files */ = {
			isa = PBXGroup;
			children = (
				1A1F90F71A5ECA1100A0595D /* Info.plist */,
			);
			name = "Supporting Files";
			sourceTree = "<group>";
		};
		1A1F910E1A5EE3C400A0595D /* List */ = {
			isa = PBXGroup;
			children = (
				1A1F91021A5ECB8400A0595D /* FriendsTVC.h */,
				1A1F91031A5ECB8400A0595D /* FriendsTVC.m */,
				1A1F91051A5ECBA300A0595D /* FriendCell.h */,
				1A1F91061A5ECBA300A0595D /* FriendCell.m */,
			);
			name = List;
			sourceTree = "<group>";
		};
/* End PBXGroup section */

/* Begin PBXNativeTarget section */
		1A1F90D81A5ECA1100A0595D /* GithubFriends */ = {
			isa = PBXNativeTarget;
			buildConfigurationList = 1A1F90FC1A5ECA1100A0595D /* Build configuration list for PBXNativeTarget "GithubFriends" */;
			buildPhases = (
				1A1F90D51A5ECA1100A0595D /* Sources */,
				1A1F90D61A5ECA1100A0595D /* Frameworks */,
				1A1F90D71A5ECA1100A0595D /* Resources */,
			);
			buildRules = (
			);
			dependencies = (
			);
			name = GithubFriends;
			productName = GithubFriends;
			productReference = 1A1F90D91A5ECA1100A0595D /* GithubFriends.app */;
			productType = "com.apple.product-type.application";
		};
		1A1F90F11A5ECA1100A0595D /* GithubFriendsTests */ = {
			isa = PBXNativeTarget;
			buildConfigurationList = 1A1F90FF1A5ECA1100A0595D /* Build configuration list for PBXNativeTarget "GithubFriendsTests" */;
			buildPhases = (
				1A1F90EE1A5ECA1100A0595D /* Sources */,
				1A1F90EF1A5ECA1100A0595D /* Frameworks */,
				1A1F90F01A5ECA1100A0595D /* Resources */,
			);
			buildRules = (
			);
			dependencies = (
				1A1F90F41A5ECA1100A0595D /* PBXTargetDependency */,
			);
			name = GithubFriendsTests;
			productName = GithubFriendsTests;
			productReference = 1A1F90F21A5ECA1100A0595D /* GithubFriendsTests.xctest */;
			productType = "com.apple.product-type.bundle.unit-test";
		};
/* End PBXNativeTarget section */

/* Begin PBXProject section */
		1A1F90D11A5ECA1100A0595D /* Project object */ = {
			isa = PBXProject;
			attributes = {
				LastUpgradeCheck = 0610;
				ORGANIZATIONNAME = "Andrew McDonald";
				TargetAttributes = {
					1A1F90D81A5ECA1100A0595D = {
						CreatedOnToolsVersion = 6.1.1;
					};
					1A1F90F11A5ECA1100A0595D = {
						CreatedOnToolsVersion = 6.1.1;
						TestTargetID = 1A1F90D81A5ECA1100A0595D;
					};
				};
			};
			buildConfigurationList = 1A1F90D41A5ECA1100A0595D /* Build configuration list for PBXProject "GithubFriends" */;
			compatibilityVersion = "Xcode 3.2";
			developmentRegion = English;
			hasScannedForEncodings = 0;
			knownRegions = (
				en,
				Base,
			);
			mainGroup = 1A1F90D01A5ECA1100A0595D;
			productRefGroup = 1A1F90DA1A5ECA1100A0595D /* Products */;
			projectDirPath = "";
			projectRoot = "";
			targets = (
				1A1F90D81A5ECA1100A0595D /* GithubFriends */,
				1A1F90F11A5ECA1100A0595D /* GithubFriendsTests */,
			);
		};
/* End PBXProject section */

/* Begin PBXResourcesBuildPhase section */
		1A1F90D71A5ECA1100A0595D /* Resources */ = {
			isa = PBXResourcesBuildPhase;
			buildActionMask = 2147483647;
			files = (
				1A1F90ED1A5ECA1100A0595D /* LaunchScreen.xib in Resources */,
				1A1F90EA1A5ECA1100A0595D /* Images.xcassets in Resources */,
			);
			runOnlyForDeploymentPostprocessing = 0;
		};
		1A1F90F01A5ECA1100A0595D /* Resources */ = {
			isa = PBXResourcesBuildPhase;
			buildActionMask = 2147483647;
			files = (
			);
			runOnlyForDeploymentPostprocessing = 0;
		};
/* End PBXResourcesBuildPhase section */

/* Begin PBXSourcesBuildPhase section */
		1A1F90D51A5ECA1100A0595D /* Sources */ = {
			isa = PBXSourcesBuildPhase;
			buildActionMask = 2147483647;
			files = (
				1A1F90E21A5ECA1100A0595D /* AppDelegate.m in Sources */,
				1A1F910A1A5EE37300A0595D /* NewFriendVC.m in Sources */,
				1A1F91041A5ECB8400A0595D /* FriendsTVC.m in Sources */,
				1A1F910D1A5EE39600A0595D /* FriendDetailVC.m in Sources */,
				1A1F90DF1A5ECA1100A0595D /* main.m in Sources */,
				1A1F91071A5ECBA300A0595D /* FriendCell.m in Sources */,
			);
			runOnlyForDeploymentPostprocessing = 0;
		};
		1A1F90EE1A5ECA1100A0595D /* Sources */ = {
			isa = PBXSourcesBuildPhase;
			buildActionMask = 2147483647;
			files = (
				1A1F90F91A5ECA1100A0595D /* GithubFriendsTests.m in Sources */,
			);
			runOnlyForDeploymentPostprocessing = 0;
		};
/* End PBXSourcesBuildPhase section */

/* Begin PBXTargetDependency section */
		1A1F90F41A5ECA1100A0595D /* PBXTargetDependency */ = {
			isa = PBXTargetDependency;
			target = 1A1F90D81A5ECA1100A0595D /* GithubFriends */;
			targetProxy = 1A1F90F31A5ECA1100A0595D /* PBXContainerItemProxy */;
		};
/* End PBXTargetDependency section */

/* Begin PBXVariantGroup section */
		1A1F90EB1A5ECA1100A0595D /* LaunchScreen.xib */ = {
			isa = PBXVariantGroup;
			children = (
				1A1F90EC1A5ECA1100A0595D /* Base */,
			);
			name = LaunchScreen.xib;
			sourceTree = "<group>";
		};
/* End PBXVariantGroup section */

/* Begin XCBuildConfiguration section */
		1A1F90FA1A5ECA1100A0595D /* Debug */ = {
			isa = XCBuildConfiguration;
			buildSettings = {
				ALWAYS_SEARCH_USER_PATHS = NO;
				CLANG_CXX_LANGUAGE_STANDARD = "gnu++0x";
				CLANG_CXX_LIBRARY = "libc++";
				CLANG_ENABLE_MODULES = YES;
				CLANG_ENABLE_OBJC_ARC = YES;
				CLANG_WARN_BOOL_CONVERSION = YES;
				CLANG_WARN_CONSTANT_CONVERSION = YES;
				CLANG_WARN_DIRECT_OBJC_ISA_USAGE = YES_ERROR;
				CLANG_WARN_EMPTY_BODY = YES;
				CLANG_WARN_ENUM_CONVERSION = YES;
				CLANG_WARN_INT_CONVERSION = YES;
				CLANG_WARN_OBJC_ROOT_CLASS = YES_ERROR;
				CLANG_WARN_UNREACHABLE_CODE = YES;
				CLANG_WARN__DUPLICATE_METHOD_MATCH = YES;
				"CODE_SIGN_IDENTITY[sdk=iphoneos*]" = "iPhone Developer";
				COPY_PHASE_STRIP = NO;
				ENABLE_STRICT_OBJC_MSGSEND = YES;
				GCC_C_LANGUAGE_STANDARD = gnu99;
				GCC_DYNAMIC_NO_PIC = NO;
				GCC_OPTIMIZATION_LEVEL = 0;
				GCC_PREPROCESSOR_DEFINITIONS = (
					"DEBUG=1",
					"$(inherited)",
				);
				GCC_SYMBOLS_PRIVATE_EXTERN = NO;
				GCC_WARN_64_TO_32_BIT_CONVERSION = YES;
				GCC_WARN_ABOUT_RETURN_TYPE = YES_ERROR;
				GCC_WARN_UNDECLARED_SELECTOR = YES;
				GCC_WARN_UNINITIALIZED_AUTOS = YES_AGGRESSIVE;
				GCC_WARN_UNUSED_FUNCTION = YES;
				GCC_WARN_UNUSED_VARIABLE = YES;
				IPHONEOS_DEPLOYMENT_TARGET = 8.1;
				MTL_ENABLE_DEBUG_INFO = YES;
				ONLY_ACTIVE_ARCH = YES;
				SDKROOT = iphoneos;
			};
			name = Debug;
		};
		1A1F90FB1A5ECA1100A0595D /* Release */ = {
			isa = XCBuildConfiguration;
			buildSettings = {
				ALWAYS_SEARCH_USER_PATHS = NO;
				CLANG_CXX_LANGUAGE_STANDARD = "gnu++0x";
				CLANG_CXX_LIBRARY = "libc++";
				CLANG_ENABLE_MODULES = YES;
				CLANG_ENABLE_OBJC_ARC = YES;
				CLANG_WARN_BOOL_CONVERSION = YES;
				CLANG_WARN_CONSTANT_CONVERSION = YES;
				CLANG_WARN_DIRECT_OBJC_ISA_USAGE = YES_ERROR;
				CLANG_WARN_EMPTY_BODY = YES;
				CLANG_WARN_ENUM_CONVERSION = YES;
				CLANG_WARN_INT_CONVERSION = YES;
				CLANG_WARN_OBJC_ROOT_CLASS = YES_ERROR;
				CLANG_WARN_UNREACHABLE_CODE = YES;
				CLANG_WARN__DUPLICATE_METHOD_MATCH = YES;
				"CODE_SIGN_IDENTITY[sdk=iphoneos*]" = "iPhone Developer";
				COPY_PHASE_STRIP = YES;
				ENABLE_NS_ASSERTIONS = NO;
				ENABLE_STRICT_OBJC_MSGSEND = YES;
				GCC_C_LANGUAGE_STANDARD = gnu99;
				GCC_WARN_64_TO_32_BIT_CONVERSION = YES;
				GCC_WARN_ABOUT_RETURN_TYPE = YES_ERROR;
				GCC_WARN_UNDECLARED_SELECTOR = YES;
				GCC_WARN_UNINITIALIZED_AUTOS = YES_AGGRESSIVE;
				GCC_WARN_UNUSED_FUNCTION = YES;
				GCC_WARN_UNUSED_VARIABLE = YES;
				IPHONEOS_DEPLOYMENT_TARGET = 8.1;
				MTL_ENABLE_DEBUG_INFO = NO;
				SDKROOT = iphoneos;
				VALIDATE_PRODUCT = YES;
			};
			name = Release;
		};
		1A1F90FD1A5ECA1100A0595D /* Debug */ = {
			isa = XCBuildConfiguration;
			buildSettings = {
				ASSETCATALOG_COMPILER_APPICON_NAME = AppIcon;
				INFOPLIST_FILE = GithubFriends/Info.plist;
				LD_RUNPATH_SEARCH_PATHS = "$(inherited) @executable_path/Frameworks";
				PRODUCT_NAME = "$(TARGET_NAME)";
			};
			name = Debug;
		};
		1A1F90FE1A5ECA1100A0595D /* Release */ = {
			isa = XCBuildConfiguration;
			buildSettings = {
				ASSETCATALOG_COMPILER_APPICON_NAME = AppIcon;
				INFOPLIST_FILE = GithubFriends/Info.plist;
				LD_RUNPATH_SEARCH_PATHS = "$(inherited) @executable_path/Frameworks";
				PRODUCT_NAME = "$(TARGET_NAME)";
			};
			name = Release;
		};
		1A1F91001A5ECA1100A0595D /* Debug */ = {
			isa = XCBuildConfiguration;
			buildSettings = {
				BUNDLE_LOADER = "$(TEST_HOST)";
				FRAMEWORK_SEARCH_PATHS = (
					"$(SDKROOT)/Developer/Library/Frameworks",
					"$(inherited)",
				);
				GCC_PREPROCESSOR_DEFINITIONS = (
					"DEBUG=1",
					"$(inherited)",
				);
				INFOPLIST_FILE = GithubFriendsTests/Info.plist;
				LD_RUNPATH_SEARCH_PATHS = "$(inherited) @executable_path/Frameworks @loader_path/Frameworks";
				PRODUCT_NAME = "$(TARGET_NAME)";
				TEST_HOST = "$(BUILT_PRODUCTS_DIR)/GithubFriends.app/GithubFriends";
			};
			name = Debug;
		};
		1A1F91011A5ECA1100A0595D /* Release */ = {
			isa = XCBuildConfiguration;
			buildSettings = {
				BUNDLE_LOADER = "$(TEST_HOST)";
				FRAMEWORK_SEARCH_PATHS = (
					"$(SDKROOT)/Developer/Library/Frameworks",
					"$(inherited)",
				);
				INFOPLIST_FILE = GithubFriendsTests/Info.plist;
				LD_RUNPATH_SEARCH_PATHS = "$(inherited) @executable_path/Frameworks @loader_path/Frameworks";
				PRODUCT_NAME = "$(TARGET_NAME)";
				TEST_HOST = "$(BUILT_PRODUCTS_DIR)/GithubFriends.app/GithubFriends";
			};
			name = Release;
		};
/* End XCBuildConfiguration section */

/* Begin XCConfigurationList section */
		1A1F90D41A5ECA1100A0595D /* Build configuration list for PBXProject "GithubFriends" */ = {
			isa = XCConfigurationList;
			buildConfigurations = (
				1A1F90FA1A5ECA1100A0595D /* Debug */,
				1A1F90FB1A5ECA1100A0595D /* Release */,
			);
			defaultConfigurationIsVisible = 0;
			defaultConfigurationName = Release;
		};
		1A1F90FC1A5ECA1100A0595D /* Build configuration list for PBXNativeTarget "GithubFriends" */ = {
			isa = XCConfigurationList;
			buildConfigurations = (
				1A1F90FD1A5ECA1100A0595D /* Debug */,
				1A1F90FE1A5ECA1100A0595D /* Release */,
			);
			defaultConfigurationIsVisible = 0;
		};
		1A1F90FF1A5ECA1100A0595D /* Build configuration list for PBXNativeTarget "GithubFriendsTests" */ = {
			isa = XCConfigurationList;
			buildConfigurations = (
				1A1F91001A5ECA1100A0595D /* Debug */,
				1A1F91011A5ECA1100A0595D /* Release */,
			);
			defaultConfigurationIsVisible = 0;
		};
/* End XCConfigurationList section */
	};
	rootObject = 1A1F90D11A5ECA1100A0595D /* Project object */;
}
