// !$*UTF8*$!
{
	archiveVersion = 1;
	classes = {
	};
	objectVersion = 46;
	objects = {

/* Begin PBXBuildFile section */
		1A1F91501A65A20A00A0595D /* main.m in Sources */ = {isa = PBXBuildFile; fileRef = 1A1F914F1A65A20A00A0595D /* main.m */; };
		1A1F91531A65A20A00A0595D /* AppDelegate.m in Sources */ = {isa = PBXBuildFile; fileRef = 1A1F91521A65A20A00A0595D /* AppDelegate.m */; };
		1A1F91561A65A20A00A0595D /* ViewController.m in Sources */ = {isa = PBXBuildFile; fileRef = 1A1F91551A65A20A00A0595D /* ViewController.m */; };
		1A1F91591A65A20A00A0595D /* Main.storyboard in Resources */ = {isa = PBXBuildFile; fileRef = 1A1F91571A65A20A00A0595D /* Main.storyboard */; };
		1A1F915B1A65A20A00A0595D /* Images.xcassets in Resources */ = {isa = PBXBuildFile; fileRef = 1A1F915A1A65A20A00A0595D /* Images.xcassets */; };
		1A1F915E1A65A20A00A0595D /* LaunchScreen.xib in Resources */ = {isa = PBXBuildFile; fileRef = 1A1F915C1A65A20A00A0595D /* LaunchScreen.xib */; };
		1A1F916A1A65A20A00A0595D /* SpeakingTests.m in Sources */ = {isa = PBXBuildFile; fileRef = 1A1F91691A65A20A00A0595D /* SpeakingTests.m */; };
		1A1F91751A65A2F700A0595D /* MyView.m in Sources */ = {isa = PBXBuildFile; fileRef = 1A1F91741A65A2F700A0595D /* MyView.m */; };
		1A1F91781A65B38700A0595D /* Human.m in Sources */ = {isa = PBXBuildFile; fileRef = 1A1F91771A65B38700A0595D /* Human.m */; };
		1A1F917B1A65B3BC00A0595D /* Robot.m in Sources */ = {isa = PBXBuildFile; fileRef = 1A1F917A1A65B3BC00A0595D /* Robot.m */; };
/* End PBXBuildFile section */

/* Begin PBXContainerItemProxy section */
		1A1F91641A65A20A00A0595D /* PBXContainerItemProxy */ = {
			isa = PBXContainerItemProxy;
			containerPortal = 1A1F91421A65A20900A0595D /* Project object */;
			proxyType = 1;
			remoteGlobalIDString = 1A1F91491A65A20900A0595D;
			remoteInfo = Speaking;
		};
/* End PBXContainerItemProxy section */

/* Begin PBXFileReference section */
		1A1F914A1A65A20A00A0595D /* Speaking.app */ = {isa = PBXFileReference; explicitFileType = wrapper.application; includeInIndex = 0; path = Speaking.app; sourceTree = BUILT_PRODUCTS_DIR; };
		1A1F914E1A65A20A00A0595D /* Info.plist */ = {isa = PBXFileReference; lastKnownFileType = text.plist.xml; path = Info.plist; sourceTree = "<group>"; };
		1A1F914F1A65A20A00A0595D /* main.m */ = {isa = PBXFileReference; lastKnownFileType = sourcecode.c.objc; path = main.m; sourceTree = "<group>"; };
		1A1F91511A65A20A00A0595D /* AppDelegate.h */ = {isa = PBXFileReference; lastKnownFileType = sourcecode.c.h; path = AppDelegate.h; sourceTree = "<group>"; };
		1A1F91521A65A20A00A0595D /* AppDelegate.m */ = {isa = PBXFileReference; lastKnownFileType = sourcecode.c.objc; path = AppDelegate.m; sourceTree = "<group>"; };
		1A1F91541A65A20A00A0595D /* ViewController.h */ = {isa = PBXFileReference; lastKnownFileType = sourcecode.c.h; path = ViewController.h; sourceTree = "<group>"; };
		1A1F91551A65A20A00A0595D /* ViewController.m */ = {isa = PBXFileReference; lastKnownFileType = sourcecode.c.objc; path = ViewController.m; sourceTree = "<group>"; };
		1A1F91581A65A20A00A0595D /* Base */ = {isa = PBXFileReference; lastKnownFileType = file.storyboard; name = Base; path = Base.lproj/Main.storyboard; sourceTree = "<group>"; };
		1A1F915A1A65A20A00A0595D /* Images.xcassets */ = {isa = PBXFileReference; lastKnownFileType = folder.assetcatalog; path = Images.xcassets; sourceTree = "<group>"; };
		1A1F915D1A65A20A00A0595D /* Base */ = {isa = PBXFileReference; lastKnownFileType = file.xib; name = Base; path = Base.lproj/LaunchScreen.xib; sourceTree = "<group>"; };
		1A1F91631A65A20A00A0595D /* SpeakingTests.xctest */ = {isa = PBXFileReference; explicitFileType = wrapper.cfbundle; includeInIndex = 0; path = SpeakingTests.xctest; sourceTree = BUILT_PRODUCTS_DIR; };
		1A1F91681A65A20A00A0595D /* Info.plist */ = {isa = PBXFileReference; lastKnownFileType = text.plist.xml; path = Info.plist; sourceTree = "<group>"; };
		1A1F91691A65A20A00A0595D /* SpeakingTests.m */ = {isa = PBXFileReference; lastKnownFileType = sourcecode.c.objc; path = SpeakingTests.m; sourceTree = "<group>"; };
		1A1F91731A65A2F700A0595D /* MyView.h */ = {isa = PBXFileReference; fileEncoding = 4; lastKnownFileType = sourcecode.c.h; name = MyView.h; path = ../MyView.h; sourceTree = "<group>"; };
		1A1F91741A65A2F700A0595D /* MyView.m */ = {isa = PBXFileReference; fileEncoding = 4; lastKnownFileType = sourcecode.c.objc; name = MyView.m; path = ../MyView.m; sourceTree = "<group>"; };
		1A1F91761A65B38700A0595D /* Human.h */ = {isa = PBXFileReference; fileEncoding = 4; lastKnownFileType = sourcecode.c.h; path = Human.h; sourceTree = "<group>"; };
		1A1F91771A65B38700A0595D /* Human.m */ = {isa = PBXFileReference; fileEncoding = 4; lastKnownFileType = sourcecode.c.objc; path = Human.m; sourceTree = "<group>"; };
		1A1F91791A65B3BC00A0595D /* Robot.h */ = {isa = PBXFileReference; fileEncoding = 4; lastKnownFileType = sourcecode.c.h; path = Robot.h; sourceTree = "<group>"; };
		1A1F917A1A65B3BC00A0595D /* Robot.m */ = {isa = PBXFileReference; fileEncoding = 4; lastKnownFileType = sourcecode.c.objc; path = Robot.m; sourceTree = "<group>"; };
/* End PBXFileReference section */

/* Begin PBXFrameworksBuildPhase section */
		1A1F91471A65A20900A0595D /* Frameworks */ = {
			isa = PBXFrameworksBuildPhase;
			buildActionMask = 2147483647;
			files = (
			);
			runOnlyForDeploymentPostprocessing = 0;
		};
		1A1F91601A65A20A00A0595D /* Frameworks */ = {
			isa = PBXFrameworksBuildPhase;
			buildActionMask = 2147483647;
			files = (
			);
			runOnlyForDeploymentPostprocessing = 0;
		};
/* End PBXFrameworksBuildPhase section */

/* Begin PBXGroup section */
		1A1F91411A65A20900A0595D = {
			isa = PBXGroup;
			children = (
				1A1F914C1A65A20A00A0595D /* Speaking */,
				1A1F91661A65A20A00A0595D /* SpeakingTests */,
				1A1F914B1A65A20A00A0595D /* Products */,
			);
			sourceTree = "<group>";
		};
		1A1F914B1A65A20A00A0595D /* Products */ = {
			isa = PBXGroup;
			children = (
				1A1F914A1A65A20A00A0595D /* Speaking.app */,
				1A1F91631A65A20A00A0595D /* SpeakingTests.xctest */,
			);
			name = Products;
			sourceTree = "<group>";
		};
		1A1F914C1A65A20A00A0595D /* Speaking */ = {
			isa = PBXGroup;
			children = (
				1A1F91541A65A20A00A0595D /* ViewController.h */,
				1A1F91551A65A20A00A0595D /* ViewController.m */,
				1A1F91761A65B38700A0595D /* Human.h */,
				1A1F91771A65B38700A0595D /* Human.m */,
				1A1F91791A65B3BC00A0595D /* Robot.h */,
				1A1F917A1A65B3BC00A0595D /* Robot.m */,
				1A1F91731A65A2F700A0595D /* MyView.h */,
				1A1F91741A65A2F700A0595D /* MyView.m */,
				1A1F91571A65A20A00A0595D /* Main.storyboard */,
				1A1F91511A65A20A00A0595D /* AppDelegate.h */,
				1A1F91521A65A20A00A0595D /* AppDelegate.m */,
				1A1F915A1A65A20A00A0595D /* Images.xcassets */,
				1A1F915C1A65A20A00A0595D /* LaunchScreen.xib */,
				1A1F914D1A65A20A00A0595D /* Supporting Files */,
			);
			path = Speaking;
			sourceTree = "<group>";
		};
		1A1F914D1A65A20A00A0595D /* Supporting Files */ = {
			isa = PBXGroup;
			children = (
				1A1F914E1A65A20A00A0595D /* Info.plist */,
				1A1F914F1A65A20A00A0595D /* main.m */,
			);
			name = "Supporting Files";
			sourceTree = "<group>";
		};
		1A1F91661A65A20A00A0595D /* SpeakingTests */ = {
			isa = PBXGroup;
			children = (
				1A1F91691A65A20A00A0595D /* SpeakingTests.m */,
				1A1F91671A65A20A00A0595D /* Supporting Files */,
			);
			path = SpeakingTests;
			sourceTree = "<group>";
		};
		1A1F91671A65A20A00A0595D /* Supporting Files */ = {
			isa = PBXGroup;
			children = (
				1A1F91681A65A20A00A0595D /* Info.plist */,
			);
			name = "Supporting Files";
			sourceTree = "<group>";
		};
/* End PBXGroup section */

/* Begin PBXNativeTarget section */
		1A1F91491A65A20900A0595D /* Speaking */ = {
			isa = PBXNativeTarget;
			buildConfigurationList = 1A1F916D1A65A20A00A0595D /* Build configuration list for PBXNativeTarget "Speaking" */;
			buildPhases = (
				1A1F91461A65A20900A0595D /* Sources */,
				1A1F91471A65A20900A0595D /* Frameworks */,
				1A1F91481A65A20900A0595D /* Resources */,
			);
			buildRules = (
			);
			dependencies = (
			);
			name = Speaking;
			productName = Speaking;
			productReference = 1A1F914A1A65A20A00A0595D /* Speaking.app */;
			productType = "com.apple.product-type.application";
		};
		1A1F91621A65A20A00A0595D /* SpeakingTests */ = {
			isa = PBXNativeTarget;
			buildConfigurationList = 1A1F91701A65A20A00A0595D /* Build configuration list for PBXNativeTarget "SpeakingTests" */;
			buildPhases = (
				1A1F915F1A65A20A00A0595D /* Sources */,
				1A1F91601A65A20A00A0595D /* Frameworks */,
				1A1F91611A65A20A00A0595D /* Resources */,
			);
			buildRules = (
			);
			dependencies = (
				1A1F91651A65A20A00A0595D /* PBXTargetDependency */,
			);
			name = SpeakingTests;
			productName = SpeakingTests;
			productReference = 1A1F91631A65A20A00A0595D /* SpeakingTests.xctest */;
			productType = "com.apple.product-type.bundle.unit-test";
		};
/* End PBXNativeTarget section */

/* Begin PBXProject section */
		1A1F91421A65A20900A0595D /* Project object */ = {
			isa = PBXProject;
			attributes = {
				LastUpgradeCheck = 0610;
				ORGANIZATIONNAME = "Andrew McDonald";
				TargetAttributes = {
					1A1F91491A65A20900A0595D = {
						CreatedOnToolsVersion = 6.1.1;
					};
					1A1F91621A65A20A00A0595D = {
						CreatedOnToolsVersion = 6.1.1;
						TestTargetID = 1A1F91491A65A20900A0595D;
					};
				};
			};
			buildConfigurationList = 1A1F91451A65A20900A0595D /* Build configuration list for PBXProject "Speaking" */;
			compatibilityVersion = "Xcode 3.2";
			developmentRegion = English;
			hasScannedForEncodings = 0;
			knownRegions = (
				en,
				Base,
			);
			mainGroup = 1A1F91411A65A20900A0595D;
			productRefGroup = 1A1F914B1A65A20A00A0595D /* Products */;
			projectDirPath = "";
			projectRoot = "";
			targets = (
				1A1F91491A65A20900A0595D /* Speaking */,
				1A1F91621A65A20A00A0595D /* SpeakingTests */,
			);
		};
/* End PBXProject section */

/* Begin PBXResourcesBuildPhase section */
		1A1F91481A65A20900A0595D /* Resources */ = {
			isa = PBXResourcesBuildPhase;
			buildActionMask = 2147483647;
			files = (
				1A1F91591A65A20A00A0595D /* Main.storyboard in Resources */,
				1A1F915E1A65A20A00A0595D /* LaunchScreen.xib in Resources */,
				1A1F915B1A65A20A00A0595D /* Images.xcassets in Resources */,
			);
			runOnlyForDeploymentPostprocessing = 0;
		};
		1A1F91611A65A20A00A0595D /* Resources */ = {
			isa = PBXResourcesBuildPhase;
			buildActionMask = 2147483647;
			files = (
			);
			runOnlyForDeploymentPostprocessing = 0;
		};
/* End PBXResourcesBuildPhase section */

/* Begin PBXSourcesBuildPhase section */
		1A1F91461A65A20900A0595D /* Sources */ = {
			isa = PBXSourcesBuildPhase;
			buildActionMask = 2147483647;
			files = (
				1A1F917B1A65B3BC00A0595D /* Robot.m in Sources */,
				1A1F91751A65A2F700A0595D /* MyView.m in Sources */,
				1A1F91561A65A20A00A0595D /* ViewController.m in Sources */,
				1A1F91781A65B38700A0595D /* Human.m in Sources */,
				1A1F91531A65A20A00A0595D /* AppDelegate.m in Sources */,
				1A1F91501A65A20A00A0595D /* main.m in Sources */,
			);
			runOnlyForDeploymentPostprocessing = 0;
		};
		1A1F915F1A65A20A00A0595D /* Sources */ = {
			isa = PBXSourcesBuildPhase;
			buildActionMask = 2147483647;
			files = (
				1A1F916A1A65A20A00A0595D /* SpeakingTests.m in Sources */,
			);
			runOnlyForDeploymentPostprocessing = 0;
		};
/* End PBXSourcesBuildPhase section */

/* Begin PBXTargetDependency section */
		1A1F91651A65A20A00A0595D /* PBXTargetDependency */ = {
			isa = PBXTargetDependency;
			target = 1A1F91491A65A20900A0595D /* Speaking */;
			targetProxy = 1A1F91641A65A20A00A0595D /* PBXContainerItemProxy */;
		};
/* End PBXTargetDependency section */

/* Begin PBXVariantGroup section */
		1A1F91571A65A20A00A0595D /* Main.storyboard */ = {
			isa = PBXVariantGroup;
			children = (
				1A1F91581A65A20A00A0595D /* Base */,
			);
			name = Main.storyboard;
			sourceTree = "<group>";
		};
		1A1F915C1A65A20A00A0595D /* LaunchScreen.xib */ = {
			isa = PBXVariantGroup;
			children = (
				1A1F915D1A65A20A00A0595D /* Base */,
			);
			name = LaunchScreen.xib;
			sourceTree = "<group>";
		};
/* End PBXVariantGroup section */

/* Begin XCBuildConfiguration section */
		1A1F916B1A65A20A00A0595D /* Debug */ = {
			isa = XCBuildConfiguration;
			buildSettings = {
				ALWAYS_SEARCH_USER_PATHS = NO;
				CLANG_CXX_LANGUAGE_STANDARD = "gnu++0x";
				CLANG_CXX_LIBRARY = "libc++";
				CLANG_ENABLE_MODULES = YES;
				CLANG_ENABLE_OBJC_ARC = YES;
				CLANG_WARN_BOOL_CONVERSION = YES;
				CLANG_WARN_CONSTANT_CONVERSION = YES;
				CLANG_WARN_DIRECT_OBJC_ISA_USAGE = YES_ERROR;
				CLANG_WARN_EMPTY_BODY = YES;
				CLANG_WARN_ENUM_CONVERSION = YES;
				CLANG_WARN_INT_CONVERSION = YES;
				CLANG_WARN_OBJC_ROOT_CLASS = YES_ERROR;
				CLANG_WARN_UNREACHABLE_CODE = YES;
				CLANG_WARN__DUPLICATE_METHOD_MATCH = YES;
				"CODE_SIGN_IDENTITY[sdk=iphoneos*]" = "iPhone Developer";
				COPY_PHASE_STRIP = NO;
				ENABLE_STRICT_OBJC_MSGSEND = YES;
				GCC_C_LANGUAGE_STANDARD = gnu99;
				GCC_DYNAMIC_NO_PIC = NO;
				GCC_OPTIMIZATION_LEVEL = 0;
				GCC_PREPROCESSOR_DEFINITIONS = (
					"DEBUG=1",
					"$(inherited)",
				);
				GCC_SYMBOLS_PRIVATE_EXTERN = NO;
				GCC_WARN_64_TO_32_BIT_CONVERSION = YES;
				GCC_WARN_ABOUT_RETURN_TYPE = YES_ERROR;
				GCC_WARN_UNDECLARED_SELECTOR = YES;
				GCC_WARN_UNINITIALIZED_AUTOS = YES_AGGRESSIVE;
				GCC_WARN_UNUSED_FUNCTION = YES;
				GCC_WARN_UNUSED_VARIABLE = YES;
				IPHONEOS_DEPLOYMENT_TARGET = 8.1;
				MTL_ENABLE_DEBUG_INFO = YES;
				ONLY_ACTIVE_ARCH = YES;
				SDKROOT = iphoneos;
			};
			name = Debug;
		};
		1A1F916C1A65A20A00A0595D /* Release */ = {
			isa = XCBuildConfiguration;
			buildSettings = {
				ALWAYS_SEARCH_USER_PATHS = NO;
				CLANG_CXX_LANGUAGE_STANDARD = "gnu++0x";
				CLANG_CXX_LIBRARY = "libc++";
				CLANG_ENABLE_MODULES = YES;
				CLANG_ENABLE_OBJC_ARC = YES;
				CLANG_WARN_BOOL_CONVERSION = YES;
				CLANG_WARN_CONSTANT_CONVERSION = YES;
				CLANG_WARN_DIRECT_OBJC_ISA_USAGE = YES_ERROR;
				CLANG_WARN_EMPTY_BODY = YES;
				CLANG_WARN_ENUM_CONVERSION = YES;
				CLANG_WARN_INT_CONVERSION = YES;
				CLANG_WARN_OBJC_ROOT_CLASS = YES_ERROR;
				CLANG_WARN_UNREACHABLE_CODE = YES;
				CLANG_WARN__DUPLICATE_METHOD_MATCH = YES;
				"CODE_SIGN_IDENTITY[sdk=iphoneos*]" = "iPhone Developer";
				COPY_PHASE_STRIP = YES;
				ENABLE_NS_ASSERTIONS = NO;
				ENABLE_STRICT_OBJC_MSGSEND = YES;
				GCC_C_LANGUAGE_STANDARD = gnu99;
				GCC_WARN_64_TO_32_BIT_CONVERSION = YES;
				GCC_WARN_ABOUT_RETURN_TYPE = YES_ERROR;
				GCC_WARN_UNDECLARED_SELECTOR = YES;
				GCC_WARN_UNINITIALIZED_AUTOS = YES_AGGRESSIVE;
				GCC_WARN_UNUSED_FUNCTION = YES;
				GCC_WARN_UNUSED_VARIABLE = YES;
				IPHONEOS_DEPLOYMENT_TARGET = 8.1;
				MTL_ENABLE_DEBUG_INFO = NO;
				SDKROOT = iphoneos;
				VALIDATE_PRODUCT = YES;
			};
			name = Release;
		};
		1A1F916E1A65A20A00A0595D /* Debug */ = {
			isa = XCBuildConfiguration;
			buildSettings = {
				ASSETCATALOG_COMPILER_APPICON_NAME = AppIcon;
				INFOPLIST_FILE = Speaking/Info.plist;
				LD_RUNPATH_SEARCH_PATHS = "$(inherited) @executable_path/Frameworks";
				PRODUCT_NAME = "$(TARGET_NAME)";
			};
			name = Debug;
		};
		1A1F916F1A65A20A00A0595D /* Release */ = {
			isa = XCBuildConfiguration;
			buildSettings = {
				ASSETCATALOG_COMPILER_APPICON_NAME = AppIcon;
				INFOPLIST_FILE = Speaking/Info.plist;
				LD_RUNPATH_SEARCH_PATHS = "$(inherited) @executable_path/Frameworks";
				PRODUCT_NAME = "$(TARGET_NAME)";
			};
			name = Release;
		};
		1A1F91711A65A20A00A0595D /* Debug */ = {
			isa = XCBuildConfiguration;
			buildSettings = {
				BUNDLE_LOADER = "$(TEST_HOST)";
				FRAMEWORK_SEARCH_PATHS = (
					"$(SDKROOT)/Developer/Library/Frameworks",
					"$(inherited)",
				);
				GCC_PREPROCESSOR_DEFINITIONS = (
					"DEBUG=1",
					"$(inherited)",
				);
				INFOPLIST_FILE = SpeakingTests/Info.plist;
				LD_RUNPATH_SEARCH_PATHS = "$(inherited) @executable_path/Frameworks @loader_path/Frameworks";
				PRODUCT_NAME = "$(TARGET_NAME)";
				TEST_HOST = "$(BUILT_PRODUCTS_DIR)/Speaking.app/Speaking";
			};
			name = Debug;
		};
		1A1F91721A65A20A00A0595D /* Release */ = {
			isa = XCBuildConfiguration;
			buildSettings = {
				BUNDLE_LOADER = "$(TEST_HOST)";
				FRAMEWORK_SEARCH_PATHS = (
					"$(SDKROOT)/Developer/Library/Frameworks",
					"$(inherited)",
				);
				INFOPLIST_FILE = SpeakingTests/Info.plist;
				LD_RUNPATH_SEARCH_PATHS = "$(inherited) @executable_path/Frameworks @loader_path/Frameworks";
				PRODUCT_NAME = "$(TARGET_NAME)";
				TEST_HOST = "$(BUILT_PRODUCTS_DIR)/Speaking.app/Speaking";
			};
			name = Release;
		};
/* End XCBuildConfiguration section */

/* Begin XCConfigurationList section */
		1A1F91451A65A20900A0595D /* Build configuration list for PBXProject "Speaking" */ = {
			isa = XCConfigurationList;
			buildConfigurations = (
				1A1F916B1A65A20A00A0595D /* Debug */,
				1A1F916C1A65A20A00A0595D /* Release */,
			);
			defaultConfigurationIsVisible = 0;
			defaultConfigurationName = Release;
		};
		1A1F916D1A65A20A00A0595D /* Build configuration list for PBXNativeTarget "Speaking" */ = {
			isa = XCConfigurationList;
			buildConfigurations = (
				1A1F916E1A65A20A00A0595D /* Debug */,
				1A1F916F1A65A20A00A0595D /* Release */,
			);
			defaultConfigurationIsVisible = 0;
		};
		1A1F91701A65A20A00A0595D /* Build configuration list for PBXNativeTarget "SpeakingTests" */ = {
			isa = XCConfigurationList;
			buildConfigurations = (
				1A1F91711A65A20A00A0595D /* Debug */,
				1A1F91721A65A20A00A0595D /* Release */,
			);
			defaultConfigurationIsVisible = 0;
		};
/* End XCConfigurationList section */
	};
	rootObject = 1A1F91421A65A20900A0595D /* Project object */;
}
