// !$*UTF8*$!
{
	archiveVersion = 1;
	classes = {
	};
	objectVersion = 46;
	objects = {

/* Begin PBXBuildFile section */
		1A0312D11A5AD50D00876C65 /* main.m in Sources */ = {isa = PBXBuildFile; fileRef = 1A0312D01A5AD50D00876C65 /* main.m */; };
		1A0312D41A5AD50D00876C65 /* AppDelegate.m in Sources */ = {isa = PBXBuildFile; fileRef = 1A0312D31A5AD50D00876C65 /* AppDelegate.m */; };
		1A0312D71A5AD50D00876C65 /* ViewController.m in Sources */ = {isa = PBXBuildFile; fileRef = 1A0312D61A5AD50D00876C65 /* ViewController.m */; };
		1A0312DA1A5AD50D00876C65 /* Main.storyboard in Resources */ = {isa = PBXBuildFile; fileRef = 1A0312D81A5AD50D00876C65 /* Main.storyboard */; };
		1A0312DC1A5AD50D00876C65 /* Images.xcassets in Resources */ = {isa = PBXBuildFile; fileRef = 1A0312DB1A5AD50D00876C65 /* Images.xcassets */; };
		1A0312DF1A5AD50D00876C65 /* LaunchScreen.xib in Resources */ = {isa = PBXBuildFile; fileRef = 1A0312DD1A5AD50D00876C65 /* LaunchScreen.xib */; };
		1A0312EB1A5AD50D00876C65 /* FirstAppTests.m in Sources */ = {isa = PBXBuildFile; fileRef = 1A0312EA1A5AD50D00876C65 /* FirstAppTests.m */; };
		1A0312F61A5AE81600876C65 /* PrettyButton.m in Sources */ = {isa = PBXBuildFile; fileRef = 1A0312F51A5AE81600876C65 /* PrettyButton.m */; };
/* End PBXBuildFile section */

/* Begin PBXContainerItemProxy section */
		1A0312E51A5AD50D00876C65 /* PBXContainerItemProxy */ = {
			isa = PBXContainerItemProxy;
			containerPortal = 1A0312C31A5AD50D00876C65 /* Project object */;
			proxyType = 1;
			remoteGlobalIDString = 1A0312CA1A5AD50D00876C65;
			remoteInfo = FirstApp;
		};
/* End PBXContainerItemProxy section */

/* Begin PBXFileReference section */
		1A0312CB1A5AD50D00876C65 /* FirstApp.app */ = {isa = PBXFileReference; explicitFileType = wrapper.application; includeInIndex = 0; path = FirstApp.app; sourceTree = BUILT_PRODUCTS_DIR; };
		1A0312CF1A5AD50D00876C65 /* Info.plist */ = {isa = PBXFileReference; lastKnownFileType = text.plist.xml; path = Info.plist; sourceTree = "<group>"; };
		1A0312D01A5AD50D00876C65 /* main.m */ = {isa = PBXFileReference; lastKnownFileType = sourcecode.c.objc; path = main.m; sourceTree = "<group>"; };
		1A0312D21A5AD50D00876C65 /* AppDelegate.h */ = {isa = PBXFileReference; lastKnownFileType = sourcecode.c.h; path = AppDelegate.h; sourceTree = "<group>"; };
		1A0312D31A5AD50D00876C65 /* AppDelegate.m */ = {isa = PBXFileReference; lastKnownFileType = sourcecode.c.objc; path = AppDelegate.m; sourceTree = "<group>"; };
		1A0312D51A5AD50D00876C65 /* ViewController.h */ = {isa = PBXFileReference; lastKnownFileType = sourcecode.c.h; path = ViewController.h; sourceTree = "<group>"; };
		1A0312D61A5AD50D00876C65 /* ViewController.m */ = {isa = PBXFileReference; lastKnownFileType = sourcecode.c.objc; path = ViewController.m; sourceTree = "<group>"; };
		1A0312D91A5AD50D00876C65 /* Base */ = {isa = PBXFileReference; lastKnownFileType = file.storyboard; name = Base; path = Base.lproj/Main.storyboard; sourceTree = "<group>"; };
		1A0312DB1A5AD50D00876C65 /* Images.xcassets */ = {isa = PBXFileReference; lastKnownFileType = folder.assetcatalog; path = Images.xcassets; sourceTree = "<group>"; };
		1A0312DE1A5AD50D00876C65 /* Base */ = {isa = PBXFileReference; lastKnownFileType = file.xib; name = Base; path = Base.lproj/LaunchScreen.xib; sourceTree = "<group>"; };
		1A0312E41A5AD50D00876C65 /* FirstAppTests.xctest */ = {isa = PBXFileReference; explicitFileType = wrapper.cfbundle; includeInIndex = 0; path = FirstAppTests.xctest; sourceTree = BUILT_PRODUCTS_DIR; };
		1A0312E91A5AD50D00876C65 /* Info.plist */ = {isa = PBXFileReference; lastKnownFileType = text.plist.xml; path = Info.plist; sourceTree = "<group>"; };
		1A0312EA1A5AD50D00876C65 /* FirstAppTests.m */ = {isa = PBXFileReference; lastKnownFileType = sourcecode.c.objc; path = FirstAppTests.m; sourceTree = "<group>"; };
		1A0312F41A5AE81600876C65 /* PrettyButton.h */ = {isa = PBXFileReference; fileEncoding = 4; lastKnownFileType = sourcecode.c.h; path = PrettyButton.h; sourceTree = "<group>"; };
		1A0312F51A5AE81600876C65 /* PrettyButton.m */ = {isa = PBXFileReference; fileEncoding = 4; lastKnownFileType = sourcecode.c.objc; path = PrettyButton.m; sourceTree = "<group>"; };
/* End PBXFileReference section */

/* Begin PBXFrameworksBuildPhase section */
		1A0312C81A5AD50D00876C65 /* Frameworks */ = {
			isa = PBXFrameworksBuildPhase;
			buildActionMask = 2147483647;
			files = (
			);
			runOnlyForDeploymentPostprocessing = 0;
		};
		1A0312E11A5AD50D00876C65 /* Frameworks */ = {
			isa = PBXFrameworksBuildPhase;
			buildActionMask = 2147483647;
			files = (
			);
			runOnlyForDeploymentPostprocessing = 0;
		};
/* End PBXFrameworksBuildPhase section */

/* Begin PBXGroup section */
		1A0312C21A5AD50D00876C65 = {
			isa = PBXGroup;
			children = (
				1A0312CD1A5AD50D00876C65 /* FirstApp */,
				1A0312E71A5AD50D00876C65 /* FirstAppTests */,
				1A0312CC1A5AD50D00876C65 /* Products */,
			);
			sourceTree = "<group>";
		};
		1A0312CC1A5AD50D00876C65 /* Products */ = {
			isa = PBXGroup;
			children = (
				1A0312CB1A5AD50D00876C65 /* FirstApp.app */,
				1A0312E41A5AD50D00876C65 /* FirstAppTests.xctest */,
			);
			name = Products;
			sourceTree = "<group>";
		};
		1A0312CD1A5AD50D00876C65 /* FirstApp */ = {
			isa = PBXGroup;
			children = (
				1A0312D21A5AD50D00876C65 /* AppDelegate.h */,
				1A0312D31A5AD50D00876C65 /* AppDelegate.m */,
				1A0312D51A5AD50D00876C65 /* ViewController.h */,
				1A0312D61A5AD50D00876C65 /* ViewController.m */,
				1A0312D81A5AD50D00876C65 /* Main.storyboard */,
				1A0312DB1A5AD50D00876C65 /* Images.xcassets */,
				1A0312DD1A5AD50D00876C65 /* LaunchScreen.xib */,
				1A0312CE1A5AD50D00876C65 /* Supporting Files */,
				1A0312F41A5AE81600876C65 /* PrettyButton.h */,
				1A0312F51A5AE81600876C65 /* PrettyButton.m */,
			);
			path = FirstApp;
			sourceTree = "<group>";
		};
		1A0312CE1A5AD50D00876C65 /* Supporting Files */ = {
			isa = PBXGroup;
			children = (
				1A0312CF1A5AD50D00876C65 /* Info.plist */,
				1A0312D01A5AD50D00876C65 /* main.m */,
			);
			name = "Supporting Files";
			sourceTree = "<group>";
		};
		1A0312E71A5AD50D00876C65 /* FirstAppTests */ = {
			isa = PBXGroup;
			children = (
				1A0312EA1A5AD50D00876C65 /* FirstAppTests.m */,
				1A0312E81A5AD50D00876C65 /* Supporting Files */,
			);
			path = FirstAppTests;
			sourceTree = "<group>";
		};
		1A0312E81A5AD50D00876C65 /* Supporting Files */ = {
			isa = PBXGroup;
			children = (
				1A0312E91A5AD50D00876C65 /* Info.plist */,
			);
			name = "Supporting Files";
			sourceTree = "<group>";
		};
/* End PBXGroup section */

/* Begin PBXNativeTarget section */
		1A0312CA1A5AD50D00876C65 /* FirstApp */ = {
			isa = PBXNativeTarget;
			buildConfigurationList = 1A0312EE1A5AD50D00876C65 /* Build configuration list for PBXNativeTarget "FirstApp" */;
			buildPhases = (
				1A0312C71A5AD50D00876C65 /* Sources */,
				1A0312C81A5AD50D00876C65 /* Frameworks */,
				1A0312C91A5AD50D00876C65 /* Resources */,
			);
			buildRules = (
			);
			dependencies = (
			);
			name = FirstApp;
			productName = FirstApp;
			productReference = 1A0312CB1A5AD50D00876C65 /* FirstApp.app */;
			productType = "com.apple.product-type.application";
		};
		1A0312E31A5AD50D00876C65 /* FirstAppTests */ = {
			isa = PBXNativeTarget;
			buildConfigurationList = 1A0312F11A5AD50D00876C65 /* Build configuration list for PBXNativeTarget "FirstAppTests" */;
			buildPhases = (
				1A0312E01A5AD50D00876C65 /* Sources */,
				1A0312E11A5AD50D00876C65 /* Frameworks */,
				1A0312E21A5AD50D00876C65 /* Resources */,
			);
			buildRules = (
			);
			dependencies = (
				1A0312E61A5AD50D00876C65 /* PBXTargetDependency */,
			);
			name = FirstAppTests;
			productName = FirstAppTests;
			productReference = 1A0312E41A5AD50D00876C65 /* FirstAppTests.xctest */;
			productType = "com.apple.product-type.bundle.unit-test";
		};
/* End PBXNativeTarget section */

/* Begin PBXProject section */
		1A0312C31A5AD50D00876C65 /* Project object */ = {
			isa = PBXProject;
			attributes = {
				LastUpgradeCheck = 0610;
				ORGANIZATIONNAME = "Andrew McDonald";
				TargetAttributes = {
					1A0312CA1A5AD50D00876C65 = {
						CreatedOnToolsVersion = 6.1.1;
					};
					1A0312E31A5AD50D00876C65 = {
						CreatedOnToolsVersion = 6.1.1;
						TestTargetID = 1A0312CA1A5AD50D00876C65;
					};
				};
			};
			buildConfigurationList = 1A0312C61A5AD50D00876C65 /* Build configuration list for PBXProject "FirstApp" */;
			compatibilityVersion = "Xcode 3.2";
			developmentRegion = English;
			hasScannedForEncodings = 0;
			knownRegions = (
				en,
				Base,
			);
			mainGroup = 1A0312C21A5AD50D00876C65;
			productRefGroup = 1A0312CC1A5AD50D00876C65 /* Products */;
			projectDirPath = "";
			projectRoot = "";
			targets = (
				1A0312CA1A5AD50D00876C65 /* FirstApp */,
				1A0312E31A5AD50D00876C65 /* FirstAppTests */,
			);
		};
/* End PBXProject section */

/* Begin PBXResourcesBuildPhase section */
		1A0312C91A5AD50D00876C65 /* Resources */ = {
			isa = PBXResourcesBuildPhase;
			buildActionMask = 2147483647;
			files = (
				1A0312DA1A5AD50D00876C65 /* Main.storyboard in Resources */,
				1A0312DF1A5AD50D00876C65 /* LaunchScreen.xib in Resources */,
				1A0312DC1A5AD50D00876C65 /* Images.xcassets in Resources */,
			);
			runOnlyForDeploymentPostprocessing = 0;
		};
		1A0312E21A5AD50D00876C65 /* Resources */ = {
			isa = PBXResourcesBuildPhase;
			buildActionMask = 2147483647;
			files = (
			);
			runOnlyForDeploymentPostprocessing = 0;
		};
/* End PBXResourcesBuildPhase section */

/* Begin PBXSourcesBuildPhase section */
		1A0312C71A5AD50D00876C65 /* Sources */ = {
			isa = PBXSourcesBuildPhase;
			buildActionMask = 2147483647;
			files = (
				1A0312D71A5AD50D00876C65 /* ViewController.m in Sources */,
				1A0312F61A5AE81600876C65 /* PrettyButton.m in Sources */,
				1A0312D41A5AD50D00876C65 /* AppDelegate.m in Sources */,
				1A0312D11A5AD50D00876C65 /* main.m in Sources */,
			);
			runOnlyForDeploymentPostprocessing = 0;
		};
		1A0312E01A5AD50D00876C65 /* Sources */ = {
			isa = PBXSourcesBuildPhase;
			buildActionMask = 2147483647;
			files = (
				1A0312EB1A5AD50D00876C65 /* FirstAppTests.m in Sources */,
			);
			runOnlyForDeploymentPostprocessing = 0;
		};
/* End PBXSourcesBuildPhase section */

/* Begin PBXTargetDependency section */
		1A0312E61A5AD50D00876C65 /* PBXTargetDependency */ = {
			isa = PBXTargetDependency;
			target = 1A0312CA1A5AD50D00876C65 /* FirstApp */;
			targetProxy = 1A0312E51A5AD50D00876C65 /* PBXContainerItemProxy */;
		};
/* End PBXTargetDependency section */

/* Begin PBXVariantGroup section */
		1A0312D81A5AD50D00876C65 /* Main.storyboard */ = {
			isa = PBXVariantGroup;
			children = (
				1A0312D91A5AD50D00876C65 /* Base */,
			);
			name = Main.storyboard;
			sourceTree = "<group>";
		};
		1A0312DD1A5AD50D00876C65 /* LaunchScreen.xib */ = {
			isa = PBXVariantGroup;
			children = (
				1A0312DE1A5AD50D00876C65 /* Base */,
			);
			name = LaunchScreen.xib;
			sourceTree = "<group>";
		};
/* End PBXVariantGroup section */

/* Begin XCBuildConfiguration section */
		1A0312EC1A5AD50D00876C65 /* Debug */ = {
			isa = XCBuildConfiguration;
			buildSettings = {
				ALWAYS_SEARCH_USER_PATHS = NO;
				CLANG_CXX_LANGUAGE_STANDARD = "gnu++0x";
				CLANG_CXX_LIBRARY = "libc++";
				CLANG_ENABLE_MODULES = YES;
				CLANG_ENABLE_OBJC_ARC = YES;
				CLANG_WARN_BOOL_CONVERSION = YES;
				CLANG_WARN_CONSTANT_CONVERSION = YES;
				CLANG_WARN_DIRECT_OBJC_ISA_USAGE = YES_ERROR;
				CLANG_WARN_EMPTY_BODY = YES;
				CLANG_WARN_ENUM_CONVERSION = YES;
				CLANG_WARN_INT_CONVERSION = YES;
				CLANG_WARN_OBJC_ROOT_CLASS = YES_ERROR;
				CLANG_WARN_UNREACHABLE_CODE = YES;
				CLANG_WARN__DUPLICATE_METHOD_MATCH = YES;
				"CODE_SIGN_IDENTITY[sdk=iphoneos*]" = "iPhone Developer";
				COPY_PHASE_STRIP = NO;
				ENABLE_STRICT_OBJC_MSGSEND = YES;
				GCC_C_LANGUAGE_STANDARD = gnu99;
				GCC_DYNAMIC_NO_PIC = NO;
				GCC_OPTIMIZATION_LEVEL = 0;
				GCC_PREPROCESSOR_DEFINITIONS = (
					"DEBUG=1",
					"$(inherited)",
				);
				GCC_SYMBOLS_PRIVATE_EXTERN = NO;
				GCC_WARN_64_TO_32_BIT_CONVERSION = YES;
				GCC_WARN_ABOUT_RETURN_TYPE = YES_ERROR;
				GCC_WARN_UNDECLARED_SELECTOR = YES;
				GCC_WARN_UNINITIALIZED_AUTOS = YES_AGGRESSIVE;
				GCC_WARN_UNUSED_FUNCTION = YES;
				GCC_WARN_UNUSED_VARIABLE = YES;
				IPHONEOS_DEPLOYMENT_TARGET = 8.1;
				MTL_ENABLE_DEBUG_INFO = YES;
				ONLY_ACTIVE_ARCH = YES;
				SDKROOT = iphoneos;
			};
			name = Debug;
		};
		1A0312ED1A5AD50D00876C65 /* Release */ = {
			isa = XCBuildConfiguration;
			buildSettings = {
				ALWAYS_SEARCH_USER_PATHS = NO;
				CLANG_CXX_LANGUAGE_STANDARD = "gnu++0x";
				CLANG_CXX_LIBRARY = "libc++";
				CLANG_ENABLE_MODULES = YES;
				CLANG_ENABLE_OBJC_ARC = YES;
				CLANG_WARN_BOOL_CONVERSION = YES;
				CLANG_WARN_CONSTANT_CONVERSION = YES;
				CLANG_WARN_DIRECT_OBJC_ISA_USAGE = YES_ERROR;
				CLANG_WARN_EMPTY_BODY = YES;
				CLANG_WARN_ENUM_CONVERSION = YES;
				CLANG_WARN_INT_CONVERSION = YES;
				CLANG_WARN_OBJC_ROOT_CLASS = YES_ERROR;
				CLANG_WARN_UNREACHABLE_CODE = YES;
				CLANG_WARN__DUPLICATE_METHOD_MATCH = YES;
				"CODE_SIGN_IDENTITY[sdk=iphoneos*]" = "iPhone Developer";
				COPY_PHASE_STRIP = YES;
				ENABLE_NS_ASSERTIONS = NO;
				ENABLE_STRICT_OBJC_MSGSEND = YES;
				GCC_C_LANGUAGE_STANDARD = gnu99;
				GCC_WARN_64_TO_32_BIT_CONVERSION = YES;
				GCC_WARN_ABOUT_RETURN_TYPE = YES_ERROR;
				GCC_WARN_UNDECLARED_SELECTOR = YES;
				GCC_WARN_UNINITIALIZED_AUTOS = YES_AGGRESSIVE;
				GCC_WARN_UNUSED_FUNCTION = YES;
				GCC_WARN_UNUSED_VARIABLE = YES;
				IPHONEOS_DEPLOYMENT_TARGET = 8.1;
				MTL_ENABLE_DEBUG_INFO = NO;
				SDKROOT = iphoneos;
				VALIDATE_PRODUCT = YES;
			};
			name = Release;
		};
		1A0312EF1A5AD50D00876C65 /* Debug */ = {
			isa = XCBuildConfiguration;
			buildSettings = {
				ASSETCATALOG_COMPILER_APPICON_NAME = AppIcon;
				INFOPLIST_FILE = FirstApp/Info.plist;
				IPHONEOS_DEPLOYMENT_TARGET = 8.1;
				LD_RUNPATH_SEARCH_PATHS = "$(inherited) @executable_path/Frameworks";
				PRODUCT_NAME = "$(TARGET_NAME)";
			};
			name = Debug;
		};
		1A0312F01A5AD50D00876C65 /* Release */ = {
			isa = XCBuildConfiguration;
			buildSettings = {
				ASSETCATALOG_COMPILER_APPICON_NAME = AppIcon;
				INFOPLIST_FILE = FirstApp/Info.plist;
				IPHONEOS_DEPLOYMENT_TARGET = 8.1;
				LD_RUNPATH_SEARCH_PATHS = "$(inherited) @executable_path/Frameworks";
				PRODUCT_NAME = "$(TARGET_NAME)";
			};
			name = Release;
		};
		1A0312F21A5AD50D00876C65 /* Debug */ = {
			isa = XCBuildConfiguration;
			buildSettings = {
				BUNDLE_LOADER = "$(TEST_HOST)";
				FRAMEWORK_SEARCH_PATHS = (
					"$(SDKROOT)/Developer/Library/Frameworks",
					"$(inherited)",
				);
				GCC_PREPROCESSOR_DEFINITIONS = (
					"DEBUG=1",
					"$(inherited)",
				);
				INFOPLIST_FILE = FirstAppTests/Info.plist;
				LD_RUNPATH_SEARCH_PATHS = "$(inherited) @executable_path/Frameworks @loader_path/Frameworks";
				PRODUCT_NAME = "$(TARGET_NAME)";
				TEST_HOST = "$(BUILT_PRODUCTS_DIR)/FirstApp.app/FirstApp";
			};
			name = Debug;
		};
		1A0312F31A5AD50D00876C65 /* Release */ = {
			isa = XCBuildConfiguration;
			buildSettings = {
				BUNDLE_LOADER = "$(TEST_HOST)";
				FRAMEWORK_SEARCH_PATHS = (
					"$(SDKROOT)/Developer/Library/Frameworks",
					"$(inherited)",
				);
				INFOPLIST_FILE = FirstAppTests/Info.plist;
				LD_RUNPATH_SEARCH_PATHS = "$(inherited) @executable_path/Frameworks @loader_path/Frameworks";
				PRODUCT_NAME = "$(TARGET_NAME)";
				TEST_HOST = "$(BUILT_PRODUCTS_DIR)/FirstApp.app/FirstApp";
			};
			name = Release;
		};
/* End XCBuildConfiguration section */

/* Begin XCConfigurationList section */
		1A0312C61A5AD50D00876C65 /* Build configuration list for PBXProject "FirstApp" */ = {
			isa = XCConfigurationList;
			buildConfigurations = (
				1A0312EC1A5AD50D00876C65 /* Debug */,
				1A0312ED1A5AD50D00876C65 /* Release */,
			);
			defaultConfigurationIsVisible = 0;
			defaultConfigurationName = Release;
		};
		1A0312EE1A5AD50D00876C65 /* Build configuration list for PBXNativeTarget "FirstApp" */ = {
			isa = XCConfigurationList;
			buildConfigurations = (
				1A0312EF1A5AD50D00876C65 /* Debug */,
				1A0312F01A5AD50D00876C65 /* Release */,
			);
			defaultConfigurationIsVisible = 0;
		};
		1A0312F11A5AD50D00876C65 /* Build configuration list for PBXNativeTarget "FirstAppTests" */ = {
			isa = XCConfigurationList;
			buildConfigurations = (
				1A0312F21A5AD50D00876C65 /* Debug */,
				1A0312F31A5AD50D00876C65 /* Release */,
			);
			defaultConfigurationIsVisible = 0;
		};
/* End XCConfigurationList section */
	};
	rootObject = 1A0312C31A5AD50D00876C65 /* Project object */;
}
